
Microsoft Visual Studio Solution File, Format Version 12.00
# Visual Studio 15
VisualStudioVersion = 15.0.28307.136
MinimumVisualStudioVersion = 10.0.40219.1
Project("{2150E333-8FDC-42A3-9474-1A3956D46DE8}") = "Docs", "Docs", "{710821C9-F705-4C38-9648-3442FA741546}"
EndProject
Project("{2150E333-8FDC-42A3-9474-1A3956D46DE8}") = "Src", "Src", "{9454A01D-81A6-4A0A-9820-72181FBB3D6B}"
EndProject
Project("{2150E333-8FDC-42A3-9474-1A3956D46DE8}") = "Tests", "Tests", "{566C18BC-3692-4E51-942B-A0B865A1C197}"
EndProject
Project("{2150E333-8FDC-42A3-9474-1A3956D46DE8}") = "Common", "Common", "{B6ED21EF-B40A-44F3-867B-406FE391FA97}"
EndProject
Project("{2150E333-8FDC-42A3-9474-1A3956D46DE8}") = "Core", "Core", "{F4A008F8-9D17-4FF1-A5CC-A908F3C24520}"
EndProject
Project("{2150E333-8FDC-42A3-9474-1A3956D46DE8}") = "Infrastructure", "Infrastructure", "{F229A7E4-F0C5-4822-B443-1F95F1BE27D4}"
EndProject
Project("{2150E333-8FDC-42A3-9474-1A3956D46DE8}") = "Presentation", "Presentation", "{9E7EFA9E-041E-4C5F-B502-5D3F4F28E1E8}"
EndProject
Project("{9A19103F-16F7-4668-BE54-9A1E7A4F7556}") = "COREAPP2.Application", "COREAPP2.Application\COREAPP2.Application.csproj", "{6C7EBB44-F1AA-42AF-B45D-CB4D8057057F}"
EndProject
Project("{9A19103F-16F7-4668-BE54-9A1E7A4F7556}") = "COREAPP2.Common", "COREAPP2.Common\COREAPP2.Common.csproj", "{9922045F-7729-45BF-8ED7-CE4E02848785}"
EndProject
Project("{9A19103F-16F7-4668-BE54-9A1E7A4F7556}") = "COREAPP2.Domain", "COREAPP2.Domain\COREAPP2.Domain.csproj", "{0B63872F-4612-400D-A9A3-273F1AA4557D}"
EndProject
Project("{9A19103F-16F7-4668-BE54-9A1E7A4F7556}") = "COREAPP2.Infrastructure", "COREAPP2.Infrastructure\COREAPP2.Infrastructure.csproj", "{C765D29C-5B00-4503-B178-939778A3D979}"
EndProject
Project("{9A19103F-16F7-4668-BE54-9A1E7A4F7556}") = "COREAPP2.Persistence", "COREAPP2.Persistence\COREAPP2.Persistence.csproj", "{F0D8F8BE-EC09-4001-A17A-C692CD1EF776}"
EndProject
Project("{9A19103F-16F7-4668-BE54-9A1E7A4F7556}") = "WebCoreDefault", "WebCoreDefault\WebCoreDefault.csproj", "{E75ACE09-F22F-4728-948D-4EAFF3A1390C}"
EndProject
Project("{2150E333-8FDC-42A3-9474-1A3956D46DE8}") = "SQL", "SQL", "{E1E54683-C35F-4521-B736-038571E3265C}"
	ProjectSection(SolutionItems) = preProject
		Create_Database.sql = Create_Database.sql
	EndProjectSection
EndProject
Project("{2150E333-8FDC-42A3-9474-1A3956D46DE8}") = "Procedures", "Procedures", "{CF74FEAE-3DA6-49F3-A5B2-74FD75DF4AD6}"
EndProject
Project("{2150E333-8FDC-42A3-9474-1A3956D46DE8}") = "Functions", "Functions", "{ACDB6B32-93CA-4776-919E-707C2E20ED33}"
EndProject
Project("{2150E333-8FDC-42A3-9474-1A3956D46DE8}") = "Tables", "Tables", "{6F5E2ECD-68C2-497B-BAC0-93B4853B28D9}"
	ProjectSection(SolutionItems) = preProject
		Create_Table_01.sql = Create_Table_01.sql
	EndProjectSection
EndProject
Project("{2150E333-8FDC-42A3-9474-1A3956D46DE8}") = "InitialDatas", "InitialDatas", "{AAC1D491-616F-47FD-A1D0-D618A63C3ED4}"
EndProject
Project("{2150E333-8FDC-42A3-9474-1A3956D46DE8}") = "Set", "Set", "{CA7D38FD-BFDA-401D-8C42-95F9B5EC2CB5}"
EndProject
Project("{2150E333-8FDC-42A3-9474-1A3956D46DE8}") = "Get", "Get", "{6AAF3BD3-8CCE-4206-B3D3-2D78D0B4A2F8}"
EndProject
Project("{2150E333-8FDC-42A3-9474-1A3956D46DE8}") = "Views", "Views", "{32F0B42D-705A-44ED-AB09-473858916EAF}"
EndProject
Project("{2150E333-8FDC-42A3-9474-1A3956D46DE8}") = "Migrations", "Migrations", "{B7D71A1C-CA43-455E-A19D-9A8FF07F02B1}"
	ProjectSection(SolutionItems) = preProject
		Migrations.txt = Migrations.txt
		RefLink.txt = RefLink.txt
		Scaffolding.txt = Scaffolding.txt
	EndProjectSection
EndProject
Project("{9A19103F-16F7-4668-BE54-9A1E7A4F7556}") = "WebCore", "WebCore\WebCore.csproj", "{42EC9542-66A1-47F3-A0AB-5733A008CCE2}"
EndProject
Global
	GlobalSection(SolutionConfigurationPlatforms) = preSolution
		Debug|Any CPU = Debug|Any CPU
		Release|Any CPU = Release|Any CPU
	EndGlobalSection
	GlobalSection(ProjectConfigurationPlatforms) = postSolution
		{6C7EBB44-F1AA-42AF-B45D-CB4D8057057F}.Debug|Any CPU.ActiveCfg = Debug|Any CPU
		{6C7EBB44-F1AA-42AF-B45D-CB4D8057057F}.Debug|Any CPU.Build.0 = Debug|Any CPU
		{6C7EBB44-F1AA-42AF-B45D-CB4D8057057F}.Release|Any CPU.ActiveCfg = Release|Any CPU
		{6C7EBB44-F1AA-42AF-B45D-CB4D8057057F}.Release|Any CPU.Build.0 = Release|Any CPU
		{9922045F-7729-45BF-8ED7-CE4E02848785}.Debug|Any CPU.ActiveCfg = Debug|Any CPU
		{9922045F-7729-45BF-8ED7-CE4E02848785}.Debug|Any CPU.Build.0 = Debug|Any CPU
		{9922045F-7729-45BF-8ED7-CE4E02848785}.Release|Any CPU.ActiveCfg = Release|Any CPU
		{9922045F-7729-45BF-8ED7-CE4E02848785}.Release|Any CPU.Build.0 = Release|Any CPU
		{0B63872F-4612-400D-A9A3-273F1AA4557D}.Debug|Any CPU.ActiveCfg = Debug|Any CPU
		{0B63872F-4612-400D-A9A3-273F1AA4557D}.Debug|Any CPU.Build.0 = Debug|Any CPU
		{0B63872F-4612-400D-A9A3-273F1AA4557D}.Release|Any CPU.ActiveCfg = Release|Any CPU
		{0B63872F-4612-400D-A9A3-273F1AA4557D}.Release|Any CPU.Build.0 = Release|Any CPU
		{C765D29C-5B00-4503-B178-939778A3D979}.Debug|Any CPU.ActiveCfg = Debug|Any CPU
		{C765D29C-5B00-4503-B178-939778A3D979}.Debug|Any CPU.Build.0 = Debug|Any CPU
		{C765D29C-5B00-4503-B178-939778A3D979}.Release|Any CPU.ActiveCfg = Release|Any CPU
		{C765D29C-5B00-4503-B178-939778A3D979}.Release|Any CPU.Build.0 = Release|Any CPU
		{F0D8F8BE-EC09-4001-A17A-C692CD1EF776}.Debug|Any CPU.ActiveCfg = Debug|Any CPU
		{F0D8F8BE-EC09-4001-A17A-C692CD1EF776}.Debug|Any CPU.Build.0 = Debug|Any CPU
		{F0D8F8BE-EC09-4001-A17A-C692CD1EF776}.Release|Any CPU.ActiveCfg = Release|Any CPU
		{F0D8F8BE-EC09-4001-A17A-C692CD1EF776}.Release|Any CPU.Build.0 = Release|Any CPU
		{E75ACE09-F22F-4728-948D-4EAFF3A1390C}.Debug|Any CPU.ActiveCfg = Debug|Any CPU
		{E75ACE09-F22F-4728-948D-4EAFF3A1390C}.Debug|Any CPU.Build.0 = Debug|Any CPU
		{E75ACE09-F22F-4728-948D-4EAFF3A1390C}.Release|Any CPU.ActiveCfg = Release|Any CPU
		{E75ACE09-F22F-4728-948D-4EAFF3A1390C}.Release|Any CPU.Build.0 = Release|Any CPU
		{42EC9542-66A1-47F3-A0AB-5733A008CCE2}.Debug|Any CPU.ActiveCfg = Debug|Any CPU
		{42EC9542-66A1-47F3-A0AB-5733A008CCE2}.Debug|Any CPU.Build.0 = Debug|Any CPU
		{42EC9542-66A1-47F3-A0AB-5733A008CCE2}.Release|Any CPU.ActiveCfg = Release|Any CPU
		{42EC9542-66A1-47F3-A0AB-5733A008CCE2}.Release|Any CPU.Build.0 = Release|Any CPU
	EndGlobalSection
	GlobalSection(SolutionProperties) = preSolution
		HideSolutionNode = FALSE
	EndGlobalSection
	GlobalSection(NestedProjects) = preSolution
		{B6ED21EF-B40A-44F3-867B-406FE391FA97} = {9454A01D-81A6-4A0A-9820-72181FBB3D6B}
		{F4A008F8-9D17-4FF1-A5CC-A908F3C24520} = {9454A01D-81A6-4A0A-9820-72181FBB3D6B}
		{F229A7E4-F0C5-4822-B443-1F95F1BE27D4} = {9454A01D-81A6-4A0A-9820-72181FBB3D6B}
		{9E7EFA9E-041E-4C5F-B502-5D3F4F28E1E8} = {9454A01D-81A6-4A0A-9820-72181FBB3D6B}
		{6C7EBB44-F1AA-42AF-B45D-CB4D8057057F} = {F4A008F8-9D17-4FF1-A5CC-A908F3C24520}
		{9922045F-7729-45BF-8ED7-CE4E02848785} = {B6ED21EF-B40A-44F3-867B-406FE391FA97}
		{0B63872F-4612-400D-A9A3-273F1AA4557D} = {F4A008F8-9D17-4FF1-A5CC-A908F3C24520}
		{C765D29C-5B00-4503-B178-939778A3D979} = {F229A7E4-F0C5-4822-B443-1F95F1BE27D4}
		{F0D8F8BE-EC09-4001-A17A-C692CD1EF776} = {F229A7E4-F0C5-4822-B443-1F95F1BE27D4}
		{E75ACE09-F22F-4728-948D-4EAFF3A1390C} = {9E7EFA9E-041E-4C5F-B502-5D3F4F28E1E8}
		{E1E54683-C35F-4521-B736-038571E3265C} = {710821C9-F705-4C38-9648-3442FA741546}
		{CF74FEAE-3DA6-49F3-A5B2-74FD75DF4AD6} = {E1E54683-C35F-4521-B736-038571E3265C}
		{ACDB6B32-93CA-4776-919E-707C2E20ED33} = {E1E54683-C35F-4521-B736-038571E3265C}
		{6F5E2ECD-68C2-497B-BAC0-93B4853B28D9} = {E1E54683-C35F-4521-B736-038571E3265C}
		{AAC1D491-616F-47FD-A1D0-D618A63C3ED4} = {E1E54683-C35F-4521-B736-038571E3265C}
		{CA7D38FD-BFDA-401D-8C42-95F9B5EC2CB5} = {CF74FEAE-3DA6-49F3-A5B2-74FD75DF4AD6}
		{6AAF3BD3-8CCE-4206-B3D3-2D78D0B4A2F8} = {CF74FEAE-3DA6-49F3-A5B2-74FD75DF4AD6}
		{32F0B42D-705A-44ED-AB09-473858916EAF} = {E1E54683-C35F-4521-B736-038571E3265C}
		{B7D71A1C-CA43-455E-A19D-9A8FF07F02B1} = {710821C9-F705-4C38-9648-3442FA741546}
		{42EC9542-66A1-47F3-A0AB-5733A008CCE2} = {9E7EFA9E-041E-4C5F-B502-5D3F4F28E1E8}
	EndGlobalSection
	GlobalSection(ExtensibilityGlobals) = postSolution
		SolutionGuid = {61589CE4-20B4-44E6-82EB-4619A53825CB}
	EndGlobalSection
EndGlobal
